
Microsoft Visual Studio Solution File, Format Version 12.00
# Visual Studio Version 16
VisualStudioVersion = 16.0.28803.598
MinimumVisualStudioVersion = 10.0.40219.1
Project("{9A19103F-16F7-4668-BE54-9A1E7A4F7556}") = "ScorePredictor", "ScorePredictor\ScorePredictor.csproj", "{3523C403-89EF-4205-978E-3592EA72332C}"
EndProject
Global
	GlobalSection(SolutionConfigurationPlatforms) = preSolution
		Debug|Any CPU = Debug|Any CPU
		Release|Any CPU = Release|Any CPU
	EndGlobalSection
	GlobalSection(ProjectConfigurationPlatforms) = postSolution
		{3523C403-89EF-4205-978E-3592EA72332C}.Debug|Any CPU.ActiveCfg = Debug|Any CPU
		{3523C403-89EF-4205-978E-3592EA72332C}.Debug|Any CPU.Build.0 = Debug|Any CPU
		{3523C403-89EF-4205-978E-3592EA72332C}.Release|Any CPU.ActiveCfg = Release|Any CPU
		{3523C403-89EF-4205-978E-3592EA72332C}.Release|Any CPU.Build.0 = Release|Any CPU
	EndGlobalSection
	GlobalSection(SolutionProperties) = preSolution
		HideSolutionNode = FALSE
	EndGlobalSection
	GlobalSection(ExtensibilityGlobals) = postSolution
		SolutionGuid = {AB480D58-BFC9-4466-B86C-EBD862D17D35}
	EndGlobalSection
EndGlobal
